
Microsoft Visual Studio Solution File, Format Version 12.00
# Visual Studio Version 16
VisualStudioVersion = 25.0.1705.1
MinimumVisualStudioVersion = 10.0.40219.1
Project("{FAE04EC0-301F-11D3-BF4B-00C04F79EFBC}") = "Multiples of 3 or 5", "Multiples of 3 or 5\Multiples of 3 or 5.csproj", "{F59CB9FE-BF19-45D6-8A54-278CEAB4EE5F}"
EndProject
Project("{FAE04EC0-301F-11D3-BF4B-00C04F79EFBC}") = "Even Fibonacci numbers", "Even Fibonacci numbers\Even Fibonacci numbers.csproj", "{7DD07528-8077-4328-BF61-62842E33CBF6}"
EndProject
Project("{FAE04EC0-301F-11D3-BF4B-00C04F79EFBC}") = "Largest prime factor", "Largest prime factor\Largest prime factor.csproj", "{D5642D79-F644-4C84-A2BD-DB06B3866471}"
EndProject
Project("{FAE04EC0-301F-11D3-BF4B-00C04F79EFBC}") = "Largest palindrome product", "Largest palindrome product\Largest palindrome product.csproj", "{B601ADB4-4B88-4A38-8534-E673BD1808B7}"
EndProject
Project("{FAE04EC0-301F-11D3-BF4B-00C04F79EFBC}") = "Smallest multiple", "Smallest multiple\Smallest multiple.csproj", "{CA836893-3385-493C-B4D9-582AA95A618D}"
EndProject
Project("{FAE04EC0-301F-11D3-BF4B-00C04F79EFBC}") = "Sum square difference", "Sum square difference\Sum square difference.csproj", "{FE393B34-92AD-48E7-8282-80435B73B67A}"
EndProject
Project("{FAE04EC0-301F-11D3-BF4B-00C04F79EFBC}") = "10001st prime", "10001st prime\10001st prime.csproj", "{2B757545-ED76-448C-9918-31A11E1065FD}"
EndProject
Project("{FAE04EC0-301F-11D3-BF4B-00C04F79EFBC}") = "Largest product in a series", "Largest product in a series\Largest product in a series.csproj", "{B39865AE-D30F-4DDB-9DDD-4902AA375F46}"
EndProject
Project("{FAE04EC0-301F-11D3-BF4B-00C04F79EFBC}") = "Factorial digit sum", "Factorial digit sum\Factorial digit sum.csproj", "{C2907F30-9D59-4908-B2B1-6C0B127FC6DD}"
EndProject
Global
	GlobalSection(SolutionConfigurationPlatforms) = preSolution
		Debug|Any CPU = Debug|Any CPU
		Release|Any CPU = Release|Any CPU
	EndGlobalSection
	GlobalSection(ProjectConfigurationPlatforms) = postSolution
		{F59CB9FE-BF19-45D6-8A54-278CEAB4EE5F}.Debug|Any CPU.ActiveCfg = Debug|Any CPU
		{F59CB9FE-BF19-45D6-8A54-278CEAB4EE5F}.Debug|Any CPU.Build.0 = Debug|Any CPU
		{F59CB9FE-BF19-45D6-8A54-278CEAB4EE5F}.Release|Any CPU.ActiveCfg = Release|Any CPU
		{F59CB9FE-BF19-45D6-8A54-278CEAB4EE5F}.Release|Any CPU.Build.0 = Release|Any CPU
		{7DD07528-8077-4328-BF61-62842E33CBF6}.Debug|Any CPU.ActiveCfg = Debug|Any CPU
		{7DD07528-8077-4328-BF61-62842E33CBF6}.Debug|Any CPU.Build.0 = Debug|Any CPU
		{7DD07528-8077-4328-BF61-62842E33CBF6}.Release|Any CPU.ActiveCfg = Release|Any CPU
		{7DD07528-8077-4328-BF61-62842E33CBF6}.Release|Any CPU.Build.0 = Release|Any CPU
		{D5642D79-F644-4C84-A2BD-DB06B3866471}.Debug|Any CPU.ActiveCfg = Debug|Any CPU
		{D5642D79-F644-4C84-A2BD-DB06B3866471}.Debug|Any CPU.Build.0 = Debug|Any CPU
		{D5642D79-F644-4C84-A2BD-DB06B3866471}.Release|Any CPU.ActiveCfg = Release|Any CPU
		{D5642D79-F644-4C84-A2BD-DB06B3866471}.Release|Any CPU.Build.0 = Release|Any CPU
		{B601ADB4-4B88-4A38-8534-E673BD1808B7}.Debug|Any CPU.ActiveCfg = Debug|Any CPU
		{B601ADB4-4B88-4A38-8534-E673BD1808B7}.Debug|Any CPU.Build.0 = Debug|Any CPU
		{B601ADB4-4B88-4A38-8534-E673BD1808B7}.Release|Any CPU.ActiveCfg = Release|Any CPU
		{B601ADB4-4B88-4A38-8534-E673BD1808B7}.Release|Any CPU.Build.0 = Release|Any CPU
		{CA836893-3385-493C-B4D9-582AA95A618D}.Debug|Any CPU.ActiveCfg = Debug|Any CPU
		{CA836893-3385-493C-B4D9-582AA95A618D}.Debug|Any CPU.Build.0 = Debug|Any CPU
		{CA836893-3385-493C-B4D9-582AA95A618D}.Release|Any CPU.ActiveCfg = Release|Any CPU
		{CA836893-3385-493C-B4D9-582AA95A618D}.Release|Any CPU.Build.0 = Release|Any CPU
		{FE393B34-92AD-48E7-8282-80435B73B67A}.Debug|Any CPU.ActiveCfg = Debug|Any CPU
		{FE393B34-92AD-48E7-8282-80435B73B67A}.Debug|Any CPU.Build.0 = Debug|Any CPU
		{FE393B34-92AD-48E7-8282-80435B73B67A}.Release|Any CPU.ActiveCfg = Release|Any CPU
		{FE393B34-92AD-48E7-8282-80435B73B67A}.Release|Any CPU.Build.0 = Release|Any CPU
		{2B757545-ED76-448C-9918-31A11E1065FD}.Debug|Any CPU.ActiveCfg = Debug|Any CPU
		{2B757545-ED76-448C-9918-31A11E1065FD}.Debug|Any CPU.Build.0 = Debug|Any CPU
		{2B757545-ED76-448C-9918-31A11E1065FD}.Release|Any CPU.ActiveCfg = Release|Any CPU
		{2B757545-ED76-448C-9918-31A11E1065FD}.Release|Any CPU.Build.0 = Release|Any CPU
		{B39865AE-D30F-4DDB-9DDD-4902AA375F46}.Debug|Any CPU.ActiveCfg = Debug|Any CPU
		{B39865AE-D30F-4DDB-9DDD-4902AA375F46}.Debug|Any CPU.Build.0 = Debug|Any CPU
		{B39865AE-D30F-4DDB-9DDD-4902AA375F46}.Release|Any CPU.ActiveCfg = Release|Any CPU
		{B39865AE-D30F-4DDB-9DDD-4902AA375F46}.Release|Any CPU.Build.0 = Release|Any CPU
		{C2907F30-9D59-4908-B2B1-6C0B127FC6DD}.Debug|Any CPU.ActiveCfg = Debug|Any CPU
		{C2907F30-9D59-4908-B2B1-6C0B127FC6DD}.Debug|Any CPU.Build.0 = Debug|Any CPU
		{C2907F30-9D59-4908-B2B1-6C0B127FC6DD}.Release|Any CPU.ActiveCfg = Release|Any CPU
		{C2907F30-9D59-4908-B2B1-6C0B127FC6DD}.Release|Any CPU.Build.0 = Release|Any CPU
	EndGlobalSection
	GlobalSection(SolutionProperties) = preSolution
		HideSolutionNode = FALSE
	EndGlobalSection
	GlobalSection(ExtensibilityGlobals) = postSolution
		SolutionGuid = {5853B96C-4FE0-42EC-B481-4F004185395F}
	EndGlobalSection
EndGlobal
